
Microsoft Visual Studio Solution File, Format Version 12.00
# Visual Studio Version 17
VisualStudioVersion = 17.14.36915.13 d17.14
MinimumVisualStudioVersion = 10.0.40219.1
Project("{FAE04EC0-301F-11D3-BF4B-00C04F79EFBC}") = "MarkIt", "MarkIt.csproj", "{A41CE56D-F9D7-436F-A467-070354E54307}"
EndProject
Global
	GlobalSection(SolutionConfigurationPlatforms) = preSolution
		Debug|Any CPU = Debug|Any CPU
		Release|Any CPU = Release|Any CPU
	EndGlobalSection
	GlobalSection(ProjectConfigurationPlatforms) = postSolution
		{A41CE56D-F9D7-436F-A467-070354E54307}.Debug|Any CPU.ActiveCfg = Debug|Any CPU
		{A41CE56D-F9D7-436F-A467-070354E54307}.Debug|Any CPU.Build.0 = Debug|Any CPU
		{A41CE56D-F9D7-436F-A467-070354E54307}.Release|Any CPU.ActiveCfg = Release|Any CPU
		{A41CE56D-F9D7-436F-A467-070354E54307}.Release|Any CPU.Build.0 = Release|Any CPU
	EndGlobalSection
	GlobalSection(SolutionProperties) = preSolution
		HideSolutionNode = FALSE
	EndGlobalSection
	GlobalSection(ExtensibilityGlobals) = postSolution
		SolutionGuid = {DE53BBDF-7BFC-48AB-8A5B-E747E92737CC}
	EndGlobalSection
EndGlobal
